{
  "version": 4,
  "terraform_version": "0.12.12",
  "serial": 16,
  "lineage": "254342b1-9e78-3a4b-8493-c376a26580b2",
  "outputs": {},
  "resources": [
    {
      "mode": "managed",
      "type": "google_compute_instance",
      "name": "default",
      "each": "list",
      "provider": "provider.google",
      "instances": [
        {
          "index_key": 0,
          "schema_version": 6,
          "attributes": {
            "allow_stopping_for_update": null,
            "attached_disk": [],
            "boot_disk": [
              {
                "auto_delete": true,
                "device_name": "persistent-disk-0",
                "disk_encryption_key_raw": "",
                "disk_encryption_key_sha256": "",
                "initialize_params": [
                  {
                    "image": "https://www.googleapis.com/compute/v1/projects/centos-cloud/global/images/centos-8-v20191121",
                    "labels": {},
                    "size": 10,
                    "type": "pd-standard"
                  }
                ],
                "kms_key_self_link": "",
                "mode": "READ_WRITE",
                "source": "https://www.googleapis.com/compute/v1/projects/anurag-503/zones/us-central1-a/disks/hadoop-slave-1"
              }
            ],
            "can_ip_forward": false,
            "cpu_platform": "Intel Haswell",
            "deletion_protection": false,
            "description": "",
            "enable_display": false,
            "guest_accelerator": [],
            "hostname": "",
            "id": "projects/anurag-503/zones/us-central1-a/instances/hadoop-slave-1",
            "instance_id": "6512675211978187825",
            "label_fingerprint": "42WmSpB8rSM=",
            "labels": null,
            "machine_type": "n1-standard-1",
            "metadata": null,
            "metadata_fingerprint": "qeNhysQ4vw0=",
            "metadata_startup_script": "sudo yum install java -y",
            "min_cpu_platform": "",
            "name": "hadoop-slave-1",
            "network_interface": [
              {
                "access_config": [
                  {
                    "nat_ip": "34.67.203.116",
                    "network_tier": "PREMIUM",
                    "public_ptr_domain_name": ""
                  }
                ],
                "alias_ip_range": [],
                "name": "nic0",
                "network": "https://www.googleapis.com/compute/v1/projects/anurag-503/global/networks/default",
                "network_ip": "10.128.0.15",
                "subnetwork": "https://www.googleapis.com/compute/v1/projects/anurag-503/regions/us-central1/subnetworks/default",
                "subnetwork_project": "anurag-503"
              }
            ],
            "project": "anurag-503",
            "scheduling": [
              {
                "automatic_restart": true,
                "node_affinities": [],
                "on_host_maintenance": "MIGRATE",
                "preemptible": false
              }
            ],
            "scratch_disk": [],
            "self_link": "https://www.googleapis.com/compute/v1/projects/anurag-503/zones/us-central1-a/instances/hadoop-slave-1",
            "service_account": [],
            "shielded_instance_config": [],
            "tags": [
              "default-allow-internal",
              "default-allow-ssh"
            ],
            "tags_fingerprint": "NQt8KMSIhiA=",
            "timeouts": null,
            "zone": "us-central1-a"
          },
          "private": "eyJlMmJmYjczMC1lY2FhLTExZTYtOGY4OC0zNDM2M2JjN2M0YzAiOnsiY3JlYXRlIjoxMjAwMDAwMDAwMDAwLCJkZWxldGUiOjEyMDAwMDAwMDAwMDAsInVwZGF0ZSI6MTIwMDAwMDAwMDAwMH0sInNjaGVtYV92ZXJzaW9uIjoiNiJ9"
        },
        {
          "index_key": 1,
          "schema_version": 6,
          "attributes": {
            "allow_stopping_for_update": null,
            "attached_disk": [],
            "boot_disk": [
              {
                "auto_delete": true,
                "device_name": "persistent-disk-0",
                "disk_encryption_key_raw": "",
                "disk_encryption_key_sha256": "",
                "initialize_params": [
                  {
                    "image": "https://www.googleapis.com/compute/v1/projects/centos-cloud/global/images/centos-8-v20191121",
                    "labels": {},
                    "size": 10,
                    "type": "pd-standard"
                  }
                ],
                "kms_key_self_link": "",
                "mode": "READ_WRITE",
                "source": "https://www.googleapis.com/compute/v1/projects/anurag-503/zones/us-central1-a/disks/hadoop-slave-2"
              }
            ],
            "can_ip_forward": false,
            "cpu_platform": "Intel Haswell",
            "deletion_protection": false,
            "description": "",
            "enable_display": false,
            "guest_accelerator": [],
            "hostname": "",
            "id": "projects/anurag-503/zones/us-central1-a/instances/hadoop-slave-2",
            "instance_id": "8125699662309205041",
            "label_fingerprint": "42WmSpB8rSM=",
            "labels": null,
            "machine_type": "n1-standard-1",
            "metadata": null,
            "metadata_fingerprint": "qeNhysQ4vw0=",
            "metadata_startup_script": "sudo yum install java -y",
            "min_cpu_platform": "",
            "name": "hadoop-slave-2",
            "network_interface": [
              {
                "access_config": [
                  {
                    "nat_ip": "107.178.208.32",
                    "network_tier": "PREMIUM",
                    "public_ptr_domain_name": ""
                  }
                ],
                "alias_ip_range": [],
                "name": "nic0",
                "network": "https://www.googleapis.com/compute/v1/projects/anurag-503/global/networks/default",
                "network_ip": "10.128.0.13",
                "subnetwork": "https://www.googleapis.com/compute/v1/projects/anurag-503/regions/us-central1/subnetworks/default",
                "subnetwork_project": "anurag-503"
              }
            ],
            "project": "anurag-503",
            "scheduling": [
              {
                "automatic_restart": true,
                "node_affinities": [],
                "on_host_maintenance": "MIGRATE",
                "preemptible": false
              }
            ],
            "scratch_disk": [],
            "self_link": "https://www.googleapis.com/compute/v1/projects/anurag-503/zones/us-central1-a/instances/hadoop-slave-2",
            "service_account": [],
            "shielded_instance_config": [],
            "tags": [
              "default-allow-internal",
              "default-allow-ssh"
            ],
            "tags_fingerprint": "NQt8KMSIhiA=",
            "timeouts": null,
            "zone": "us-central1-a"
          },
          "private": "eyJlMmJmYjczMC1lY2FhLTExZTYtOGY4OC0zNDM2M2JjN2M0YzAiOnsiY3JlYXRlIjoxMjAwMDAwMDAwMDAwLCJkZWxldGUiOjEyMDAwMDAwMDAwMDAsInVwZGF0ZSI6MTIwMDAwMDAwMDAwMH0sInNjaGVtYV92ZXJzaW9uIjoiNiJ9"
        },
        {
          "index_key": 2,
          "schema_version": 6,
          "attributes": {
            "allow_stopping_for_update": null,
            "attached_disk": [],
            "boot_disk": [
              {
                "auto_delete": true,
                "device_name": "persistent-disk-0",
                "disk_encryption_key_raw": "",
                "disk_encryption_key_sha256": "",
                "initialize_params": [
                  {
                    "image": "https://www.googleapis.com/compute/v1/projects/centos-cloud/global/images/centos-8-v20191121",
                    "labels": {},
                    "size": 10,
                    "type": "pd-standard"
                  }
                ],
                "kms_key_self_link": "",
                "mode": "READ_WRITE",
                "source": "https://www.googleapis.com/compute/v1/projects/anurag-503/zones/us-central1-a/disks/hadoop-slave-3"
              }
            ],
            "can_ip_forward": false,
            "cpu_platform": "Intel Haswell",
            "deletion_protection": false,
            "description": "",
            "enable_display": false,
            "guest_accelerator": [],
            "hostname": "",
            "id": "projects/anurag-503/zones/us-central1-a/instances/hadoop-slave-3",
            "instance_id": "6521709800239375409",
            "label_fingerprint": "42WmSpB8rSM=",
            "labels": null,
            "machine_type": "n1-standard-1",
            "metadata": null,
            "metadata_fingerprint": "qeNhysQ4vw0=",
            "metadata_startup_script": "sudo yum install java -y",
            "min_cpu_platform": "",
            "name": "hadoop-slave-3",
            "network_interface": [
              {
                "access_config": [
                  {
                    "nat_ip": "35.222.9.141",
                    "network_tier": "PREMIUM",
                    "public_ptr_domain_name": ""
                  }
                ],
                "alias_ip_range": [],
                "name": "nic0",
                "network": "https://www.googleapis.com/compute/v1/projects/anurag-503/global/networks/default",
                "network_ip": "10.128.0.14",
                "subnetwork": "https://www.googleapis.com/compute/v1/projects/anurag-503/regions/us-central1/subnetworks/default",
                "subnetwork_project": "anurag-503"
              }
            ],
            "project": "anurag-503",
            "scheduling": [
              {
                "automatic_restart": true,
                "node_affinities": [],
                "on_host_maintenance": "MIGRATE",
                "preemptible": false
              }
            ],
            "scratch_disk": [],
            "self_link": "https://www.googleapis.com/compute/v1/projects/anurag-503/zones/us-central1-a/instances/hadoop-slave-3",
            "service_account": [],
            "shielded_instance_config": [],
            "tags": [
              "default-allow-internal",
              "default-allow-ssh"
            ],
            "tags_fingerprint": "NQt8KMSIhiA=",
            "timeouts": null,
            "zone": "us-central1-a"
          },
          "private": "eyJlMmJmYjczMC1lY2FhLTExZTYtOGY4OC0zNDM2M2JjN2M0YzAiOnsiY3JlYXRlIjoxMjAwMDAwMDAwMDAwLCJkZWxldGUiOjEyMDAwMDAwMDAwMDAsInVwZGF0ZSI6MTIwMDAwMDAwMDAwMH0sInNjaGVtYV92ZXJzaW9uIjoiNiJ9"
        }
      ]
    },
    {
      "mode": "managed",
      "type": "google_compute_instance",
      "name": "master",
      "provider": "provider.google",
      "instances": [
        {
          "schema_version": 6,
          "attributes": {
            "allow_stopping_for_update": null,
            "attached_disk": [],
            "boot_disk": [
              {
                "auto_delete": true,
                "device_name": "persistent-disk-0",
                "disk_encryption_key_raw": "",
                "disk_encryption_key_sha256": "",
                "initialize_params": [
                  {
                    "image": "https://www.googleapis.com/compute/v1/projects/centos-cloud/global/images/centos-8-v20191121",
                    "labels": {},
                    "size": 10,
                    "type": "pd-standard"
                  }
                ],
                "kms_key_self_link": "",
                "mode": "READ_WRITE",
                "source": "https://www.googleapis.com/compute/v1/projects/anurag-503/zones/us-central1-a/disks/hadoop-master"
              }
            ],
            "can_ip_forward": false,
            "cpu_platform": "Intel Haswell",
            "deletion_protection": false,
            "description": "",
            "enable_display": false,
            "guest_accelerator": [],
            "hostname": "",
            "id": "projects/anurag-503/zones/us-central1-a/instances/hadoop-master",
            "instance_id": "8922492215422592049",
            "label_fingerprint": "42WmSpB8rSM=",
            "labels": null,
            "machine_type": "n1-standard-1",
            "metadata": {
              "foo": "bar"
            },
            "metadata_fingerprint": "D8nuH4qa8ag=",
            "metadata_startup_script": "sudo yum install java -y",
            "min_cpu_platform": "",
            "name": "hadoop-master",
            "network_interface": [
              {
                "access_config": [
                  {
                    "nat_ip": "35.222.234.56",
                    "network_tier": "PREMIUM",
                    "public_ptr_domain_name": ""
                  }
                ],
                "alias_ip_range": [],
                "name": "nic0",
                "network": "https://www.googleapis.com/compute/v1/projects/anurag-503/global/networks/default",
                "network_ip": "10.128.0.12",
                "subnetwork": "https://www.googleapis.com/compute/v1/projects/anurag-503/regions/us-central1/subnetworks/default",
                "subnetwork_project": "anurag-503"
              }
            ],
            "project": "anurag-503",
            "scheduling": [
              {
                "automatic_restart": true,
                "node_affinities": [],
                "on_host_maintenance": "MIGRATE",
                "preemptible": false
              }
            ],
            "scratch_disk": [],
            "self_link": "https://www.googleapis.com/compute/v1/projects/anurag-503/zones/us-central1-a/instances/hadoop-master",
            "service_account": [],
            "shielded_instance_config": [],
            "tags": [
              "default-allow-internal",
              "default-allow-ssh"
            ],
            "tags_fingerprint": "NQt8KMSIhiA=",
            "timeouts": null,
            "zone": "us-central1-a"
          },
          "private": "eyJlMmJmYjczMC1lY2FhLTExZTYtOGY4OC0zNDM2M2JjN2M0YzAiOnsiY3JlYXRlIjoxMjAwMDAwMDAwMDAwLCJkZWxldGUiOjEyMDAwMDAwMDAwMDAsInVwZGF0ZSI6MTIwMDAwMDAwMDAwMH0sInNjaGVtYV92ZXJzaW9uIjoiNiJ9"
        }
      ]
    }
  ]
}
